
Microsoft Visual Studio Solution File, Format Version 12.00
# Visual Studio 15
Project("{FAE04EC0-301F-11D3-BF4B-00C04F79EFBC}") = "Assembly-CSharp", "Assembly-CSharp.csproj", "{5D8004A2-72C9-73D7-0928-6CB4B2EC1CBB}"
EndProject
Project("{FAE04EC0-301F-11D3-BF4B-00C04F79EFBC}") = "Assembly-CSharp-Editor", "Assembly-CSharp-Editor.csproj", "{C0227268-8B9B-D3B4-ACAE-2B870511ED48}"
EndProject
Global
	GlobalSection(SolutionConfigurationPlatforms) = preSolution
		Debug|Any CPU = Debug|Any CPU
		Release|Any CPU = Release|Any CPU
	EndGlobalSection
	GlobalSection(ProjectConfigurationPlatforms) = postSolution
		{5D8004A2-72C9-73D7-0928-6CB4B2EC1CBB}.Debug|Any CPU.ActiveCfg = Debug|Any CPU
		{5D8004A2-72C9-73D7-0928-6CB4B2EC1CBB}.Debug|Any CPU.Build.0 = Debug|Any CPU
		{5D8004A2-72C9-73D7-0928-6CB4B2EC1CBB}.Release|Any CPU.ActiveCfg = Release|Any CPU
		{5D8004A2-72C9-73D7-0928-6CB4B2EC1CBB}.Release|Any CPU.Build.0 = Release|Any CPU
		{C0227268-8B9B-D3B4-ACAE-2B870511ED48}.Debug|Any CPU.ActiveCfg = Debug|Any CPU
		{C0227268-8B9B-D3B4-ACAE-2B870511ED48}.Debug|Any CPU.Build.0 = Debug|Any CPU
		{C0227268-8B9B-D3B4-ACAE-2B870511ED48}.Release|Any CPU.ActiveCfg = Release|Any CPU
		{C0227268-8B9B-D3B4-ACAE-2B870511ED48}.Release|Any CPU.Build.0 = Release|Any CPU
	EndGlobalSection
	GlobalSection(SolutionProperties) = preSolution
		HideSolutionNode = FALSE
	EndGlobalSection
EndGlobal
